// !$*UTF8*$!
{
	archiveVersion = 1;
	classes = {
	};
	objectVersion = 77;
	objects = {

/* Begin PBXContainerItemProxy section */
		8AE3D4372CC8C783008E52FD /* PBXContainerItemProxy */ = {
			isa = PBXContainerItemProxy;
			containerPortal = 8AE3D41E2CC8C782008E52FD /* Project object */;
			proxyType = 1;
			remoteGlobalIDString = 8AE3D4252CC8C782008E52FD;
			remoteInfo = Journali;
		};
		8AE3D4412CC8C783008E52FD /* PBXContainerItemProxy */ = {
			isa = PBXContainerItemProxy;
			containerPortal = 8AE3D41E2CC8C782008E52FD /* Project object */;
			proxyType = 1;
			remoteGlobalIDString = 8AE3D4252CC8C782008E52FD;
			remoteInfo = Journali;
		};
/* End PBXContainerItemProxy section */

/* Begin PBXFileReference section */
		8AE3D4262CC8C782008E52FD /* Journali.app */ = {isa = PBXFileReference; explicitFileType = wrapper.application; includeInIndex = 0; path = Journali.app; sourceTree = BUILT_PRODUCTS_DIR; };
		8AE3D4362CC8C783008E52FD /* JournaliTests.xctest */ = {isa = PBXFileReference; explicitFileType = wrapper.cfbundle; includeInIndex = 0; path = JournaliTests.xctest; sourceTree = BUILT_PRODUCTS_DIR; };
		8AE3D4402CC8C783008E52FD /* JournaliUITests.xctest */ = {isa = PBXFileReference; explicitFileType = wrapper.cfbundle; includeInIndex = 0; path = JournaliUITests.xctest; sourceTree = BUILT_PRODUCTS_DIR; };
/* End PBXFileReference section */

/* Begin PBXFileSystemSynchronizedRootGroup section */
		8AE3D4282CC8C782008E52FD /* Journali */ = {
			isa = PBXFileSystemSynchronizedRootGroup;
			path = Journali;
			sourceTree = "<group>";
		};
		8AE3D4392CC8C783008E52FD /* JournaliTests */ = {
			isa = PBXFileSystemSynchronizedRootGroup;
			path = JournaliTests;
			sourceTree = "<group>";
		};
		8AE3D4432CC8C783008E52FD /* JournaliUITests */ = {
			isa = PBXFileSystemSynchronizedRootGroup;
			path = JournaliUITests;
			sourceTree = "<group>";
		};
/* End PBXFileSystemSynchronizedRootGroup section */

/* Begin PBXFrameworksBuildPhase section */
		8AE3D4232CC8C782008E52FD /* Frameworks */ = {
			isa = PBXFrameworksBuildPhase;
			buildActionMask = 2147483647;
			files = (
			);
			runOnlyForDeploymentPostprocessing = 0;
		};
		8AE3D4332CC8C783008E52FD /* Frameworks */ = {
			isa = PBXFrameworksBuildPhase;
			buildActionMask = 2147483647;
			files = (
			);
			runOnlyForDeploymentPostprocessing = 0;
		};
		8AE3D43D2CC8C783008E52FD /* Frameworks */ = {
			isa = PBXFrameworksBuildPhase;
			buildActionMask = 2147483647;
			files = (
			);
			runOnlyForDeploymentPostprocessing = 0;
		};
/* End PBXFrameworksBuildPhase section */

/* Begin PBXGroup section */
		8AE3D41D2CC8C782008E52FD = {
			isa = PBXGroup;
			children = (
				8AE3D4282CC8C782008E52FD /* Journali */,
				8AE3D4392CC8C783008E52FD /* JournaliTests */,
				8AE3D4432CC8C783008E52FD /* JournaliUITests */,
				8AE3D4272CC8C782008E52FD /* Products */,
			);
			sourceTree = "<group>";
		};
		8AE3D4272CC8C782008E52FD /* Products */ = {
			isa = PBXGroup;
			children = (
				8AE3D4262CC8C782008E52FD /* Journali.app */,
				8AE3D4362CC8C783008E52FD /* JournaliTests.xctest */,
				8AE3D4402CC8C783008E52FD /* JournaliUITests.xctest */,
			);
			name = Products;
			sourceTree = "<group>";
		};
/* End PBXGroup section */

/* Begin PBXNativeTarget section */
		8AE3D4252CC8C782008E52FD /* Journali */ = {
			isa = PBXNativeTarget;
			buildConfigurationList = 8AE3D44A2CC8C783008E52FD /* Build configuration list for PBXNativeTarget "Journali" */;
			buildPhases = (
				8AE3D4222CC8C782008E52FD /* Sources */,
				8AE3D4232CC8C782008E52FD /* Frameworks */,
				8AE3D4242CC8C782008E52FD /* Resources */,
			);
			buildRules = (
			);
			dependencies = (
			);
			fileSystemSynchronizedGroups = (
				8AE3D4282CC8C782008E52FD /* Journali */,
			);
			name = Journali;
			packageProductDependencies = (
			);
			productName = Journali;
			productReference = 8AE3D4262CC8C782008E52FD /* Journali.app */;
			productType = "com.apple.product-type.application";
		};
		8AE3D4352CC8C783008E52FD /* JournaliTests */ = {
			isa = PBXNativeTarget;
			buildConfigurationList = 8AE3D44D2CC8C783008E52FD /* Build configuration list for PBXNativeTarget "JournaliTests" */;
			buildPhases = (
				8AE3D4322CC8C783008E52FD /* Sources */,
				8AE3D4332CC8C783008E52FD /* Frameworks */,
				8AE3D4342CC8C783008E52FD /* Resources */,
			);
			buildRules = (
			);
			dependencies = (
				8AE3D4382CC8C783008E52FD /* PBXTargetDependency */,
			);
			fileSystemSynchronizedGroups = (
				8AE3D4392CC8C783008E52FD /* JournaliTests */,
			);
			name = JournaliTests;
			packageProductDependencies = (
			);
			productName = JournaliTests;
			productReference = 8AE3D4362CC8C783008E52FD /* JournaliTests.xctest */;
			productType = "com.apple.product-type.bundle.unit-test";
		};
		8AE3D43F2CC8C783008E52FD /* JournaliUITests */ = {
			isa = PBXNativeTarget;
			buildConfigurationList = 8AE3D4502CC8C783008E52FD /* Build configuration list for PBXNativeTarget "JournaliUITests" */;
			buildPhases = (
				8AE3D43C2CC8C783008E52FD /* Sources */,
				8AE3D43D2CC8C783008E52FD /* Frameworks */,
				8AE3D43E2CC8C783008E52FD /* Resources */,
			);
			buildRules = (
			);
			dependencies = (
				8AE3D4422CC8C783008E52FD /* PBXTargetDependency */,
			);
			fileSystemSynchronizedGroups = (
				8AE3D4432CC8C783008E52FD /* JournaliUITests */,
			);
			name = JournaliUITests;
			packageProductDependencies = (
			);
			productName = JournaliUITests;
			productReference = 8AE3D4402CC8C783008E52FD /* JournaliUITests.xctest */;
			productType = "com.apple.product-type.bundle.ui-testing";
		};
/* End PBXNativeTarget section */

/* Begin PBXProject section */
		8AE3D41E2CC8C782008E52FD /* Project object */ = {
			isa = PBXProject;
			attributes = {
				BuildIndependentTargetsInParallel = 1;
				LastSwiftUpdateCheck = 1600;
				LastUpgradeCheck = 1600;
				TargetAttributes = {
					8AE3D4252CC8C782008E52FD = {
						CreatedOnToolsVersion = 16.0;
					};
					8AE3D4352CC8C783008E52FD = {
						CreatedOnToolsVersion = 16.0;
						TestTargetID = 8AE3D4252CC8C782008E52FD;
					};
					8AE3D43F2CC8C783008E52FD = {
						CreatedOnToolsVersion = 16.0;
						TestTargetID = 8AE3D4252CC8C782008E52FD;
					};
				};
			};
			buildConfigurationList = 8AE3D4212CC8C782008E52FD /* Build configuration list for PBXProject "Journali" */;
			developmentRegion = en;
			hasScannedForEncodings = 0;
			knownRegions = (
				en,
				Base,
			);
			mainGroup = 8AE3D41D2CC8C782008E52FD;
			minimizedProjectReferenceProxies = 1;
			preferredProjectObjectVersion = 77;
			productRefGroup = 8AE3D4272CC8C782008E52FD /* Products */;
			projectDirPath = "";
			projectRoot = "";
			targets = (
				8AE3D4252CC8C782008E52FD /* Journali */,
				8AE3D4352CC8C783008E52FD /* JournaliTests */,
				8AE3D43F2CC8C783008E52FD /* JournaliUITests */,
			);
		};
/* End PBXProject section */

/* Begin PBXResourcesBuildPhase section */
		8AE3D4242CC8C782008E52FD /* Resources */ = {
			isa = PBXResourcesBuildPhase;
			buildActionMask = 2147483647;
			files = (
			);
			runOnlyForDeploymentPostprocessing = 0;
		};
		8AE3D4342CC8C783008E52FD /* Resources */ = {
			isa = PBXResourcesBuildPhase;
			buildActionMask = 2147483647;
			files = (
			);
			runOnlyForDeploymentPostprocessing = 0;
		};
		8AE3D43E2CC8C783008E52FD /* Resources */ = {
			isa = PBXResourcesBuildPhase;
			buildActionMask = 2147483647;
			files = (
			);
			runOnlyForDeploymentPostprocessing = 0;
		};
/* End PBXResourcesBuildPhase section */

/* Begin PBXSourcesBuildPhase section */
		8AE3D4222CC8C782008E52FD /* Sources */ = {
			isa = PBXSourcesBuildPhase;
			buildActionMask = 2147483647;
			files = (
			);
			runOnlyForDeploymentPostprocessing = 0;
		};
		8AE3D4322CC8C783008E52FD /* Sources */ = {
			isa = PBXSourcesBuildPhase;
			buildActionMask = 2147483647;
			files = (
			);
			runOnlyForDeploymentPostprocessing = 0;
		};
		8AE3D43C2CC8C783008E52FD /* Sources */ = {
			isa = PBXSourcesBuildPhase;
			buildActionMask = 2147483647;
			files = (
			);
			runOnlyForDeploymentPostprocessing = 0;
		};
/* End PBXSourcesBuildPhase section */

/* Begin PBXTargetDependency section */
		8AE3D4382CC8C783008E52FD /* PBXTargetDependency */ = {
			isa = PBXTargetDependency;
			target = 8AE3D4252CC8C782008E52FD /* Journali */;
			targetProxy = 8AE3D4372CC8C783008E52FD /* PBXContainerItemProxy */;
		};
		8AE3D4422CC8C783008E52FD /* PBXTargetDependency */ = {
			isa = PBXTargetDependency;
			target = 8AE3D4252CC8C782008E52FD /* Journali */;
			targetProxy = 8AE3D4412CC8C783008E52FD /* PBXContainerItemProxy */;
		};
/* End PBXTargetDependency section */

/* Begin XCBuildConfiguration section */
		8AE3D4482CC8C783008E52FD /* Debug */ = {
			isa = XCBuildConfiguration;
			buildSettings = {
				ALWAYS_SEARCH_USER_PATHS = NO;
				ASSETCATALOG_COMPILER_GENERATE_SWIFT_ASSET_SYMBOL_EXTENSIONS = YES;
				CLANG_ANALYZER_NONNULL = YES;
				CLANG_ANALYZER_NUMBER_OBJECT_CONVERSION = YES_AGGRESSIVE;
				CLANG_CXX_LANGUAGE_STANDARD = "gnu++20";
				CLANG_ENABLE_MODULES = YES;
				CLANG_ENABLE_OBJC_ARC = YES;
				CLANG_ENABLE_OBJC_WEAK = YES;
				CLANG_WARN_BLOCK_CAPTURE_AUTORELEASING = YES;
				CLANG_WARN_BOOL_CONVERSION = YES;
				CLANG_WARN_COMMA = YES;
				CLANG_WARN_CONSTANT_CONVERSION = YES;
				CLANG_WARN_DEPRECATED_OBJC_IMPLEMENTATIONS = YES;
				CLANG_WARN_DIRECT_OBJC_ISA_USAGE = YES_ERROR;
				CLANG_WARN_DOCUMENTATION_COMMENTS = YES;
				CLANG_WARN_EMPTY_BODY = YES;
				CLANG_WARN_ENUM_CONVERSION = YES;
				CLANG_WARN_INFINITE_RECURSION = YES;
				CLANG_WARN_INT_CONVERSION = YES;
				CLANG_WARN_NON_LITERAL_NULL_CONVERSION = YES;
				CLANG_WARN_OBJC_IMPLICIT_RETAIN_SELF = YES;
				CLANG_WARN_OBJC_LITERAL_CONVERSION = YES;
				CLANG_WARN_OBJC_ROOT_CLASS = YES_ERROR;
				CLANG_WARN_QUOTED_INCLUDE_IN_FRAMEWORK_HEADER = YES;
				CLANG_WARN_RANGE_LOOP_ANALYSIS = YES;
				CLANG_WARN_STRICT_PROTOTYPES = YES;
				CLANG_WARN_SUSPICIOUS_MOVE = YES;
				CLANG_WARN_UNGUARDED_AVAILABILITY = YES_AGGRESSIVE;
				CLANG_WARN_UNREACHABLE_CODE = YES;
				CLANG_WARN__DUPLICATE_METHOD_MATCH = YES;
				COPY_PHASE_STRIP = NO;
				DEBUG_INFORMATION_FORMAT = dwarf;
				ENABLE_STRICT_OBJC_MSGSEND = YES;
				ENABLE_TESTABILITY = YES;
				ENABLE_USER_SCRIPT_SANDBOXING = YES;
				GCC_C_LANGUAGE_STANDARD = gnu17;
				GCC_DYNAMIC_NO_PIC = NO;
				GCC_NO_COMMON_BLOCKS = YES;
				GCC_OPTIMIZATION_LEVEL = 0;
				GCC_PREPROCESSOR_DEFINITIONS = (
					"DEBUG=1",
					"$(inherited)",
				);
				GCC_WARN_64_TO_32_BIT_CONVERSION = YES;
				GCC_WARN_ABOUT_RETURN_TYPE = YES_ERROR;
				GCC_WARN_UNDECLARED_SELECTOR = YES;
				GCC_WARN_UNINITIALIZED_AUTOS = YES_AGGRESSIVE;
				GCC_WARN_UNUSED_FUNCTION = YES;
				GCC_WARN_UNUSED_VARIABLE = YES;
				IPHONEOS_DEPLOYMENT_TARGET = 18.0;
				LOCALIZATION_PREFERS_STRING_CATALOGS = YES;
				MTL_ENABLE_DEBUG_INFO = INCLUDE_SOURCE;
				MTL_FAST_MATH = YES;
				ONLY_ACTIVE_ARCH = YES;
				SDKROOT = iphoneos;
				SWIFT_ACTIVE_COMPILATION_CONDITIONS = "DEBUG $(inherited)";
				SWIFT_OPTIMIZATION_LEVEL = "-Onone";
			};
			name = Debug;
		};
		8AE3D4492CC8C783008E52FD /* Release */ = {
			isa = XCBuildConfiguration;
			buildSettings = {
				ALWAYS_SEARCH_USER_PATHS = NO;
				ASSETCATALOG_COMPILER_GENERATE_SWIFT_ASSET_SYMBOL_EXTENSIONS = YES;
				CLANG_ANALYZER_NONNULL = YES;
				CLANG_ANALYZER_NUMBER_OBJECT_CONVERSION = YES_AGGRESSIVE;
				CLANG_CXX_LANGUAGE_STANDARD = "gnu++20";
				CLANG_ENABLE_MODULES = YES;
				CLANG_ENABLE_OBJC_ARC = YES;
				CLANG_ENABLE_OBJC_WEAK = YES;
				CLANG_WARN_BLOCK_CAPTURE_AUTORELEASING = YES;
				CLANG_WARN_BOOL_CONVERSION = YES;
				CLANG_WARN_COMMA = YES;
				CLANG_WARN_CONSTANT_CONVERSION = YES;
				CLANG_WARN_DEPRECATED_OBJC_IMPLEMENTATIONS = YES;
				CLANG_WARN_DIRECT_OBJC_ISA_USAGE = YES_ERROR;
				CLANG_WARN_DOCUMENTATION_COMMENTS = YES;
				CLANG_WARN_EMPTY_BODY = YES;
				CLANG_WARN_ENUM_CONVERSION = YES;
				CLANG_WARN_INFINITE_RECURSION = YES;
				CLANG_WARN_INT_CONVERSION = YES;
				CLANG_WARN_NON_LITERAL_NULL_CONVERSION = YES;
				CLANG_WARN_OBJC_IMPLICIT_RETAIN_SELF = YES;
				CLANG_WARN_OBJC_LITERAL_CONVERSION = YES;
				CLANG_WARN_OBJC_ROOT_CLASS = YES_ERROR;
				CLANG_WARN_QUOTED_INCLUDE_IN_FRAMEWORK_HEADER = YES;
				CLANG_WARN_RANGE_LOOP_ANALYSIS = YES;
				CLANG_WARN_STRICT_PROTOTYPES = YES;
				CLANG_WARN_SUSPICIOUS_MOVE = YES;
				CLANG_WARN_UNGUARDED_AVAILABILITY = YES_AGGRESSIVE;
				CLANG_WARN_UNREACHABLE_CODE = YES;
				CLANG_WARN__DUPLICATE_METHOD_MATCH = YES;
				COPY_PHASE_STRIP = NO;
				DEBUG_INFORMATION_FORMAT = "dwarf-with-dsym";
				ENABLE_NS_ASSERTIONS = NO;
				ENABLE_STRICT_OBJC_MSGSEND = YES;
				ENABLE_USER_SCRIPT_SANDBOXING = YES;
				GCC_C_LANGUAGE_STANDARD = gnu17;
				GCC_NO_COMMON_BLOCKS = YES;
				GCC_WARN_64_TO_32_BIT_CONVERSION = YES;
				GCC_WARN_ABOUT_RETURN_TYPE = YES_ERROR;
				GCC_WARN_UNDECLARED_SELECTOR = YES;
				GCC_WARN_UNINITIALIZED_AUTOS = YES_AGGRESSIVE;
				GCC_WARN_UNUSED_FUNCTION = YES;
				GCC_WARN_UNUSED_VARIABLE = YES;
				IPHONEOS_DEPLOYMENT_TARGET = 18.0;
				LOCALIZATION_PREFERS_STRING_CATALOGS = YES;
				MTL_ENABLE_DEBUG_INFO = NO;
				MTL_FAST_MATH = YES;
				SDKROOT = iphoneos;
				SWIFT_COMPILATION_MODE = wholemodule;
				VALIDATE_PRODUCT = YES;
			};
			name = Release;
		};
		8AE3D44B2CC8C783008E52FD /* Debug */ = {
			isa = XCBuildConfiguration;
			buildSettings = {
				ASSETCATALOG_COMPILER_APPICON_NAME = AppIcon;
				ASSETCATALOG_COMPILER_GLOBAL_ACCENT_COLOR_NAME = AccentColor;
				CODE_SIGN_IDENTITY = "Apple Development";
				CODE_SIGN_STYLE = Automatic;
				CURRENT_PROJECT_VERSION = 1;
				DEVELOPMENT_ASSET_PATHS = "\"Journali/Preview Content\"";
				DEVELOPMENT_TEAM = FJ8LSLQVHR;
				ENABLE_PREVIEWS = YES;
				GENERATE_INFOPLIST_FILE = YES;
				INFOPLIST_KEY_UIApplicationSceneManifest_Generation = YES;
				INFOPLIST_KEY_UIApplicationSupportsIndirectInputEvents = YES;
				INFOPLIST_KEY_UILaunchScreen_Generation = YES;
				INFOPLIST_KEY_UISupportedInterfaceOrientations_iPad = "UIInterfaceOrientationPortrait UIInterfaceOrientationPortraitUpsideDown UIInterfaceOrientationLandscapeLeft UIInterfaceOrientationLandscapeRight";
				INFOPLIST_KEY_UISupportedInterfaceOrientations_iPhone = "UIInterfaceOrientationPortrait UIInterfaceOrientationLandscapeLeft UIInterfaceOrientationLandscapeRight";
				LD_RUNPATH_SEARCH_PATHS = (
					"$(inherited)",
					"@executable_path/Frameworks",
				);
				MARKETING_VERSION = 1.0;
				PRODUCT_BUNDLE_IDENTIFIER = com.Nada.Journali;
				PRODUCT_NAME = "$(TARGET_NAME)";
				PROVISIONING_PROFILE_SPECIFIER = "";
				SWIFT_EMIT_LOC_STRINGS = YES;
				SWIFT_VERSION = 5.0;
				TARGETED_DEVICE_FAMILY = "1,2";
			};
			name = Debug;
		};
		8AE3D44C2CC8C783008E52FD /* Release */ = {
			isa = XCBuildConfiguration;
			buildSettings = {
				ASSETCATALOG_COMPILER_APPICON_NAME = AppIcon;
				ASSETCATALOG_COMPILER_GLOBAL_ACCENT_COLOR_NAME = AccentColor;
				CODE_SIGN_IDENTITY = "Apple Development";
				CODE_SIGN_STYLE = Automatic;
				CURRENT_PROJECT_VERSION = 1;
				DEVELOPMENT_ASSET_PATHS = "\"Journali/Preview Content\"";
				DEVELOPMENT_TEAM = FJ8LSLQVHR;
				ENABLE_PREVIEWS = YES;
				GENERATE_INFOPLIST_FILE = YES;
				INFOPLIST_KEY_UIApplicationSceneManifest_Generation = YES;
				INFOPLIST_KEY_UIApplicationSupportsIndirectInputEvents = YES;
				INFOPLIST_KEY_UILaunchScreen_Generation = YES;
				INFOPLIST_KEY_UISupportedInterfaceOrientations_iPad = "UIInterfaceOrientationPortrait UIInterfaceOrientationPortraitUpsideDown UIInterfaceOrientationLandscapeLeft UIInterfaceOrientationLandscapeRight";
				INFOPLIST_KEY_UISupportedInterfaceOrientations_iPhone = "UIInterfaceOrientationPortrait UIInterfaceOrientationLandscapeLeft UIInterfaceOrientationLandscapeRight";
				LD_RUNPATH_SEARCH_PATHS = (
					"$(inherited)",
					"@executable_path/Frameworks",
				);
				MARKETING_VERSION = 1.0;
				PRODUCT_BUNDLE_IDENTIFIER = com.Nada.Journali;
				PRODUCT_NAME = "$(TARGET_NAME)";
				PROVISIONING_PROFILE_SPECIFIER = "";
				SWIFT_EMIT_LOC_STRINGS = YES;
				SWIFT_VERSION = 5.0;
				TARGETED_DEVICE_FAMILY = "1,2";
			};
			name = Release;
		};
		8AE3D44E2CC8C783008E52FD /* Debug */ = {
			isa = XCBuildConfiguration;
			buildSettings = {
				BUNDLE_LOADER = "$(TEST_HOST)";
				CODE_SIGN_STYLE = Automatic;
				CURRENT_PROJECT_VERSION = 1;
				GENERATE_INFOPLIST_FILE = YES;
				IPHONEOS_DEPLOYMENT_TARGET = 18.0;
				MARKETING_VERSION = 1.0;
				PRODUCT_BUNDLE_IDENTIFIER = com.Nada.JournaliTests;
				PRODUCT_NAME = "$(TARGET_NAME)";
				SWIFT_EMIT_LOC_STRINGS = NO;
				SWIFT_VERSION = 5.0;
				TARGETED_DEVICE_FAMILY = "1,2";
				TEST_HOST = "$(BUILT_PRODUCTS_DIR)/Journali.app/$(BUNDLE_EXECUTABLE_FOLDER_PATH)/Journali";
			};
			name = Debug;
		};
		8AE3D44F2CC8C783008E52FD /* Release */ = {
			isa = XCBuildConfiguration;
			buildSettings = {
				BUNDLE_LOADER = "$(TEST_HOST)";
				CODE_SIGN_STYLE = Automatic;
				CURRENT_PROJECT_VERSION = 1;
				GENERATE_INFOPLIST_FILE = YES;
				IPHONEOS_DEPLOYMENT_TARGET = 18.0;
				MARKETING_VERSION = 1.0;
				PRODUCT_BUNDLE_IDENTIFIER = com.Nada.JournaliTests;
				PRODUCT_NAME = "$(TARGET_NAME)";
				SWIFT_EMIT_LOC_STRINGS = NO;
				SWIFT_VERSION = 5.0;
				TARGETED_DEVICE_FAMILY = "1,2";
				TEST_HOST = "$(BUILT_PRODUCTS_DIR)/Journali.app/$(BUNDLE_EXECUTABLE_FOLDER_PATH)/Journali";
			};
			name = Release;
		};
		8AE3D4512CC8C783008E52FD /* Debug */ = {
			isa = XCBuildConfiguration;
			buildSettings = {
				CODE_SIGN_STYLE = Automatic;
				CURRENT_PROJECT_VERSION = 1;
				GENERATE_INFOPLIST_FILE = YES;
				MARKETING_VERSION = 1.0;
				PRODUCT_BUNDLE_IDENTIFIER = com.Nada.JournaliUITests;
				PRODUCT_NAME = "$(TARGET_NAME)";
				SWIFT_EMIT_LOC_STRINGS = NO;
				SWIFT_VERSION = 5.0;
				TARGETED_DEVICE_FAMILY = "1,2";
				TEST_TARGET_NAME = Journali;
			};
			name = Debug;
		};
		8AE3D4522CC8C783008E52FD /* Release */ = {
			isa = XCBuildConfiguration;
			buildSettings = {
				CODE_SIGN_STYLE = Automatic;
				CURRENT_PROJECT_VERSION = 1;
				GENERATE_INFOPLIST_FILE = YES;
				MARKETING_VERSION = 1.0;
				PRODUCT_BUNDLE_IDENTIFIER = com.Nada.JournaliUITests;
				PRODUCT_NAME = "$(TARGET_NAME)";
				SWIFT_EMIT_LOC_STRINGS = NO;
				SWIFT_VERSION = 5.0;
				TARGETED_DEVICE_FAMILY = "1,2";
				TEST_TARGET_NAME = Journali;
			};
			name = Release;
		};
/* End XCBuildConfiguration section */

/* Begin XCConfigurationList section */
		8AE3D4212CC8C782008E52FD /* Build configuration list for PBXProject "Journali" */ = {
			isa = XCConfigurationList;
			buildConfigurations = (
				8AE3D4482CC8C783008E52FD /* Debug */,
				8AE3D4492CC8C783008E52FD /* Release */,
			);
			defaultConfigurationIsVisible = 0;
			defaultConfigurationName = Release;
		};
		8AE3D44A2CC8C783008E52FD /* Build configuration list for PBXNativeTarget "Journali" */ = {
			isa = XCConfigurationList;
			buildConfigurations = (
				8AE3D44B2CC8C783008E52FD /* Debug */,
				8AE3D44C2CC8C783008E52FD /* Release */,
			);
			defaultConfigurationIsVisible = 0;
			defaultConfigurationName = Release;
		};
		8AE3D44D2CC8C783008E52FD /* Build configuration list for PBXNativeTarget "JournaliTests" */ = {
			isa = XCConfigurationList;
			buildConfigurations = (
				8AE3D44E2CC8C783008E52FD /* Debug */,
				8AE3D44F2CC8C783008E52FD /* Release */,
			);
			defaultConfigurationIsVisible = 0;
			defaultConfigurationName = Release;
		};
		8AE3D4502CC8C783008E52FD /* Build configuration list for PBXNativeTarget "JournaliUITests" */ = {
			isa = XCConfigurationList;
			buildConfigurations = (
				8AE3D4512CC8C783008E52FD /* Debug */,
				8AE3D4522CC8C783008E52FD /* Release */,
			);
			defaultConfigurationIsVisible = 0;
			defaultConfigurationName = Release;
		};
/* End XCConfigurationList section */
	};
	rootObject = 8AE3D41E2CC8C782008E52FD /* Project object */;
}
